// !$*UTF8*$!
{
	archiveVersion = 1;
	classes = {
	};
	objectVersion = 46;
	objects = {

/* Begin PBXBuildFile section */
		A95D75841650921D0013843D /* dictionary.plist in Resources */ = {isa = PBXBuildFile; fileRef = A95D75831650921D0013843D /* dictionary.plist */; };
		A95D75861651541B0013843D /* CoreFoundation.framework in Frameworks */ = {isa = PBXBuildFile; fileRef = A95D75851651541B0013843D /* CoreFoundation.framework */; };
		A95D758A165162A50013843D /* letterPoints.plist in Resources */ = {isa = PBXBuildFile; fileRef = A95D7589165162A50013843D /* letterPoints.plist */; };
		A971A1D8164CEBFA00FC7A93 /* Cocoa.framework in Frameworks */ = {isa = PBXBuildFile; fileRef = A971A1D7164CEBF900FC7A93 /* Cocoa.framework */; };
		A971A1E2164CEBFA00FC7A93 /* InfoPlist.strings in Resources */ = {isa = PBXBuildFile; fileRef = A971A1E0164CEBFA00FC7A93 /* InfoPlist.strings */; };
		A971A1E4164CEBFA00FC7A93 /* main.m in Sources */ = {isa = PBXBuildFile; fileRef = A971A1E3164CEBFA00FC7A93 /* main.m */; };
		A971A1E8164CEBFA00FC7A93 /* Credits.rtf in Resources */ = {isa = PBXBuildFile; fileRef = A971A1E6164CEBFA00FC7A93 /* Credits.rtf */; };
		A971A1EB164CEBFA00FC7A93 /* AppDelegate.m in Sources */ = {isa = PBXBuildFile; fileRef = A971A1EA164CEBFA00FC7A93 /* AppDelegate.m */; };
		A971A1EE164CEBFA00FC7A93 /* MainMenu.xib in Resources */ = {isa = PBXBuildFile; fileRef = A971A1EC164CEBFA00FC7A93 /* MainMenu.xib */; };
		A971A1F1164CEBFA00FC7A93 /* Scrabble.xcdatamodeld in Sources */ = {isa = PBXBuildFile; fileRef = A971A1EF164CEBFA00FC7A93 /* Scrabble.xcdatamodeld */; };
		A9996BF516536AF400CD5885 /* Scrabble.m in Sources */ = {isa = PBXBuildFile; fileRef = A9996BF416536AF400CD5885 /* Scrabble.m */; };
		A9CF296C164DD19D00FDDAED /* MainView.m in Sources */ = {isa = PBXBuildFile; fileRef = A9CF296B164DD19D00FDDAED /* MainView.m */; };
		A9CF2978164DEC0A00FDDAED /* arrayLayout.plist in Resources */ = {isa = PBXBuildFile; fileRef = A9CF2977164DEC0A00FDDAED /* arrayLayout.plist */; };
		A9E323F0165AAF1F00AD5B41 /* SMTWord.m in Sources */ = {isa = PBXBuildFile; fileRef = A9E323EF165AAF1F00AD5B41 /* SMTWord.m */; };
/* End PBXBuildFile section */

/* Begin PBXFileReference section */
		A95D75831650921D0013843D /* dictionary.plist */ = {isa = PBXFileReference; fileEncoding = 4; lastKnownFileType = text.plist.xml; path = dictionary.plist; sourceTree = "<group>"; };
		A95D75851651541B0013843D /* CoreFoundation.framework */ = {isa = PBXFileReference; lastKnownFileType = wrapper.framework; name = CoreFoundation.framework; path = System/Library/Frameworks/CoreFoundation.framework; sourceTree = SDKROOT; };
		A95D7589165162A50013843D /* letterPoints.plist */ = {isa = PBXFileReference; fileEncoding = 4; lastKnownFileType = text.plist.xml; path = letterPoints.plist; sourceTree = "<group>"; };
		A971A1D4164CEBF900FC7A93 /* Scrabble.app */ = {isa = PBXFileReference; explicitFileType = wrapper.application; includeInIndex = 0; path = Scrabble.app; sourceTree = BUILT_PRODUCTS_DIR; };
		A971A1D7164CEBF900FC7A93 /* Cocoa.framework */ = {isa = PBXFileReference; lastKnownFileType = wrapper.framework; name = Cocoa.framework; path = System/Library/Frameworks/Cocoa.framework; sourceTree = SDKROOT; };
		A971A1DA164CEBFA00FC7A93 /* AppKit.framework */ = {isa = PBXFileReference; lastKnownFileType = wrapper.framework; name = AppKit.framework; path = System/Library/Frameworks/AppKit.framework; sourceTree = SDKROOT; };
		A971A1DB164CEBFA00FC7A93 /* CoreData.framework */ = {isa = PBXFileReference; lastKnownFileType = wrapper.framework; name = CoreData.framework; path = System/Library/Frameworks/CoreData.framework; sourceTree = SDKROOT; };
		A971A1DC164CEBFA00FC7A93 /* Foundation.framework */ = {isa = PBXFileReference; lastKnownFileType = wrapper.framework; name = Foundation.framework; path = System/Library/Frameworks/Foundation.framework; sourceTree = SDKROOT; };
		A971A1DF164CEBFA00FC7A93 /* Scrabble-Info.plist */ = {isa = PBXFileReference; lastKnownFileType = text.plist.xml; path = "Scrabble-Info.plist"; sourceTree = "<group>"; };
		A971A1E1164CEBFA00FC7A93 /* en */ = {isa = PBXFileReference; lastKnownFileType = text.plist.strings; name = en; path = en.lproj/InfoPlist.strings; sourceTree = "<group>"; };
		A971A1E3164CEBFA00FC7A93 /* main.m */ = {isa = PBXFileReference; lastKnownFileType = sourcecode.c.objc; path = main.m; sourceTree = "<group>"; };
		A971A1E5164CEBFA00FC7A93 /* Scrabble-Prefix.pch */ = {isa = PBXFileReference; lastKnownFileType = sourcecode.c.h; path = "Scrabble-Prefix.pch"; sourceTree = "<group>"; };
		A971A1E7164CEBFA00FC7A93 /* en */ = {isa = PBXFileReference; lastKnownFileType = text.rtf; name = en; path = en.lproj/Credits.rtf; sourceTree = "<group>"; };
		A971A1E9164CEBFA00FC7A93 /* AppDelegate.h */ = {isa = PBXFileReference; lastKnownFileType = sourcecode.c.h; path = AppDelegate.h; sourceTree = "<group>"; };
		A971A1EA164CEBFA00FC7A93 /* AppDelegate.m */ = {isa = PBXFileReference; lastKnownFileType = sourcecode.c.objc; path = AppDelegate.m; sourceTree = "<group>"; };
		A971A1ED164CEBFA00FC7A93 /* en */ = {isa = PBXFileReference; lastKnownFileType = file.xib; name = en; path = en.lproj/MainMenu.xib; sourceTree = "<group>"; };
		A971A1F0164CEBFA00FC7A93 /* Scrabble.xcdatamodel */ = {isa = PBXFileReference; lastKnownFileType = wrapper.xcdatamodel; path = Scrabble.xcdatamodel; sourceTree = "<group>"; };
		A9996BF316536AF400CD5885 /* Scrabble.h */ = {isa = PBXFileReference; fileEncoding = 4; lastKnownFileType = sourcecode.c.h; path = Scrabble.h; sourceTree = "<group>"; };
		A9996BF416536AF400CD5885 /* Scrabble.m */ = {isa = PBXFileReference; fileEncoding = 4; lastKnownFileType = sourcecode.c.objc; path = Scrabble.m; sourceTree = "<group>"; };
		A9CF296A164DD19D00FDDAED /* MainView.h */ = {isa = PBXFileReference; fileEncoding = 4; lastKnownFileType = sourcecode.c.h; path = MainView.h; sourceTree = "<group>"; };
		A9CF296B164DD19D00FDDAED /* MainView.m */ = {isa = PBXFileReference; fileEncoding = 4; lastKnownFileType = sourcecode.c.objc; path = MainView.m; sourceTree = "<group>"; };
		A9CF2977164DEC0A00FDDAED /* arrayLayout.plist */ = {isa = PBXFileReference; fileEncoding = 4; lastKnownFileType = text.plist.xml; path = arrayLayout.plist; sourceTree = "<group>"; };
		A9E323EE165AAF1F00AD5B41 /* SMTWord.h */ = {isa = PBXFileReference; fileEncoding = 4; lastKnownFileType = sourcecode.c.h; path = SMTWord.h; sourceTree = "<group>"; };
		A9E323EF165AAF1F00AD5B41 /* SMTWord.m */ = {isa = PBXFileReference; fileEncoding = 4; lastKnownFileType = sourcecode.c.objc; path = SMTWord.m; sourceTree = "<group>"; };
/* End PBXFileReference section */

/* Begin PBXFrameworksBuildPhase section */
		A971A1D1164CEBF900FC7A93 /* Frameworks */ = {
			isa = PBXFrameworksBuildPhase;
			buildActionMask = 2147483647;
			files = (
				A95D75861651541B0013843D /* CoreFoundation.framework in Frameworks */,
				A971A1D8164CEBFA00FC7A93 /* Cocoa.framework in Frameworks */,
			);
			runOnlyForDeploymentPostprocessing = 0;
		};
/* End PBXFrameworksBuildPhase section */

/* Begin PBXGroup section */
		A971A1CB164CEBF900FC7A93 = {
			isa = PBXGroup;
			children = (
				A95D75851651541B0013843D /* CoreFoundation.framework */,
				A95D7589165162A50013843D /* letterPoints.plist */,
				A9CF2977164DEC0A00FDDAED /* arrayLayout.plist */,
				A95D75831650921D0013843D /* dictionary.plist */,
				A971A1DD164CEBFA00FC7A93 /* Scrabble */,
				A971A1D6164CEBF900FC7A93 /* Frameworks */,
				A971A1D5164CEBF900FC7A93 /* Products */,
			);
			sourceTree = "<group>";
		};
		A971A1D5164CEBF900FC7A93 /* Products */ = {
			isa = PBXGroup;
			children = (
				A971A1D4164CEBF900FC7A93 /* Scrabble.app */,
			);
			name = Products;
			sourceTree = "<group>";
		};
		A971A1D6164CEBF900FC7A93 /* Frameworks */ = {
			isa = PBXGroup;
			children = (
				A971A1D7164CEBF900FC7A93 /* Cocoa.framework */,
				A971A1D9164CEBFA00FC7A93 /* Other Frameworks */,
			);
			name = Frameworks;
			sourceTree = "<group>";
		};
		A971A1D9164CEBFA00FC7A93 /* Other Frameworks */ = {
			isa = PBXGroup;
			children = (
				A971A1DA164CEBFA00FC7A93 /* AppKit.framework */,
				A971A1DB164CEBFA00FC7A93 /* CoreData.framework */,
				A971A1DC164CEBFA00FC7A93 /* Foundation.framework */,
			);
			name = "Other Frameworks";
			sourceTree = "<group>";
		};
		A971A1DD164CEBFA00FC7A93 /* Scrabble */ = {
			isa = PBXGroup;
			children = (
				A971A1E9164CEBFA00FC7A93 /* AppDelegate.h */,
				A971A1EA164CEBFA00FC7A93 /* AppDelegate.m */,
				A971A1EC164CEBFA00FC7A93 /* MainMenu.xib */,
				A9CF296A164DD19D00FDDAED /* MainView.h */,
				A9CF296B164DD19D00FDDAED /* MainView.m */,
				A9E323EE165AAF1F00AD5B41 /* SMTWord.h */,
				A9E323EF165AAF1F00AD5B41 /* SMTWord.m */,
				A9996BF316536AF400CD5885 /* Scrabble.h */,
				A9996BF416536AF400CD5885 /* Scrabble.m */,
				A971A1EF164CEBFA00FC7A93 /* Scrabble.xcdatamodeld */,
				A971A1DE164CEBFA00FC7A93 /* Supporting Files */,
			);
			path = Scrabble;
			sourceTree = "<group>";
		};
		A971A1DE164CEBFA00FC7A93 /* Supporting Files */ = {
			isa = PBXGroup;
			children = (
				A971A1DF164CEBFA00FC7A93 /* Scrabble-Info.plist */,
				A971A1E0164CEBFA00FC7A93 /* InfoPlist.strings */,
				A971A1E3164CEBFA00FC7A93 /* main.m */,
				A971A1E5164CEBFA00FC7A93 /* Scrabble-Prefix.pch */,
				A971A1E6164CEBFA00FC7A93 /* Credits.rtf */,
			);
			name = "Supporting Files";
			sourceTree = "<group>";
		};
/* End PBXGroup section */

/* Begin PBXNativeTarget section */
		A971A1D3164CEBF900FC7A93 /* Scrabble */ = {
			isa = PBXNativeTarget;
			buildConfigurationList = A971A1F4164CEBFA00FC7A93 /* Build configuration list for PBXNativeTarget "Scrabble" */;
			buildPhases = (
				A971A1D0164CEBF900FC7A93 /* Sources */,
				A971A1D1164CEBF900FC7A93 /* Frameworks */,
				A971A1D2164CEBF900FC7A93 /* Resources */,
			);
			buildRules = (
			);
			dependencies = (
			);
			name = Scrabble;
			productName = Scrabble;
			productReference = A971A1D4164CEBF900FC7A93 /* Scrabble.app */;
			productType = "com.apple.product-type.application";
		};
/* End PBXNativeTarget section */

/* Begin PBXProject section */
		A971A1CC164CEBF900FC7A93 /* Project object */ = {
			isa = PBXProject;
			attributes = {
				LastUpgradeCheck = 0460;
				ORGANIZATIONNAME = "Michael Timbrook";
			};
			buildConfigurationList = A971A1CF164CEBF900FC7A93 /* Build configuration list for PBXProject "Scrabble" */;
			compatibilityVersion = "Xcode 3.2";
			developmentRegion = English;
			hasScannedForEncodings = 0;
			knownRegions = (
				en,
			);
			mainGroup = A971A1CB164CEBF900FC7A93;
			productRefGroup = A971A1D5164CEBF900FC7A93 /* Products */;
			projectDirPath = "";
			projectRoot = "";
			targets = (
				A971A1D3164CEBF900FC7A93 /* Scrabble */,
			);
		};
/* End PBXProject section */

/* Begin PBXResourcesBuildPhase section */
		A971A1D2164CEBF900FC7A93 /* Resources */ = {
			isa = PBXResourcesBuildPhase;
			buildActionMask = 2147483647;
			files = (
				A971A1E2164CEBFA00FC7A93 /* InfoPlist.strings in Resources */,
				A971A1E8164CEBFA00FC7A93 /* Credits.rtf in Resources */,
				A971A1EE164CEBFA00FC7A93 /* MainMenu.xib in Resources */,
				A9CF2978164DEC0A00FDDAED /* arrayLayout.plist in Resources */,
				A95D75841650921D0013843D /* dictionary.plist in Resources */,
				A95D758A165162A50013843D /* letterPoints.plist in Resources */,
			);
			runOnlyForDeploymentPostprocessing = 0;
		};
/* End PBXResourcesBuildPhase section */

/* Begin PBXSourcesBuildPhase section */
		A971A1D0164CEBF900FC7A93 /* Sources */ = {
			isa = PBXSourcesBuildPhase;
			buildActionMask = 2147483647;
			files = (
				A971A1E4164CEBFA00FC7A93 /* main.m in Sources */,
				A971A1EB164CEBFA00FC7A93 /* AppDelegate.m in Sources */,
				A971A1F1164CEBFA00FC7A93 /* Scrabble.xcdatamodeld in Sources */,
				A9CF296C164DD19D00FDDAED /* MainView.m in Sources */,
				A9996BF516536AF400CD5885 /* Scrabble.m in Sources */,
				A9E323F0165AAF1F00AD5B41 /* SMTWord.m in Sources */,
			);
			runOnlyForDeploymentPostprocessing = 0;
		};
/* End PBXSourcesBuildPhase section */

/* Begin PBXVariantGroup section */
		A971A1E0164CEBFA00FC7A93 /* InfoPlist.strings */ = {
			isa = PBXVariantGroup;
			children = (
				A971A1E1164CEBFA00FC7A93 /* en */,
			);
			name = InfoPlist.strings;
			sourceTree = "<group>";
		};
		A971A1E6164CEBFA00FC7A93 /* Credits.rtf */ = {
			isa = PBXVariantGroup;
			children = (
				A971A1E7164CEBFA00FC7A93 /* en */,
			);
			name = Credits.rtf;
			sourceTree = "<group>";
		};
		A971A1EC164CEBFA00FC7A93 /* MainMenu.xib */ = {
			isa = PBXVariantGroup;
			children = (
				A971A1ED164CEBFA00FC7A93 /* en */,
			);
			name = MainMenu.xib;
			sourceTree = "<group>";
		};
/* End PBXVariantGroup section */

/* Begin XCBuildConfiguration section */
		A971A1F2164CEBFA00FC7A93 /* Debug */ = {
			isa = XCBuildConfiguration;
			buildSettings = {
				ALWAYS_SEARCH_USER_PATHS = NO;
				ARCHS = "$(NATIVE_ARCH_ACTUAL)";
				CLANG_CXX_LANGUAGE_STANDARD = "gnu++0x";
				CLANG_CXX_LIBRARY = "libc++";
				CLANG_ENABLE_OBJC_ARC = YES;
				CLANG_WARN_CONSTANT_CONVERSION = YES;
				CLANG_WARN_DEPRECATED_OBJC_IMPLEMENTATIONS = YES;
				CLANG_WARN_EMPTY_BODY = YES;
				CLANG_WARN_INT_CONVERSION = YES;
				CLANG_WARN__DUPLICATE_METHOD_MATCH = YES;
				COPY_PHASE_STRIP = NO;
				GCC_C_LANGUAGE_STANDARD = gnu99;
				GCC_DYNAMIC_NO_PIC = NO;
				GCC_ENABLE_OBJC_EXCEPTIONS = YES;
				GCC_OPTIMIZATION_LEVEL = 0;
				GCC_PREPROCESSOR_DEFINITIONS = (
					"DEBUG=1",
					"$(inherited)",
				);
				GCC_STRICT_ALIASING = YES;
				GCC_SYMBOLS_PRIVATE_EXTERN = NO;
				GCC_WARN_64_TO_32_BIT_CONVERSION = YES;
				GCC_WARN_ABOUT_RETURN_TYPE = YES;
				GCC_WARN_UNINITIALIZED_AUTOS = YES;
				GCC_WARN_UNUSED_VARIABLE = YES;
				MACOSX_DEPLOYMENT_TARGET = 10.8;
				ONLY_ACTIVE_ARCH = YES;
				SDKROOT = "";
			};
			name = Debug;
		};
		A971A1F3164CEBFA00FC7A93 /* Release */ = {
			isa = XCBuildConfiguration;
			buildSettings = {
				ALWAYS_SEARCH_USER_PATHS = NO;
				ARCHS = "$(NATIVE_ARCH_ACTUAL)";
				CLANG_CXX_LANGUAGE_STANDARD = "gnu++0x";
				CLANG_CXX_LIBRARY = "libc++";
				CLANG_ENABLE_OBJC_ARC = YES;
				CLANG_WARN_CONSTANT_CONVERSION = YES;
				CLANG_WARN_DEPRECATED_OBJC_IMPLEMENTATIONS = YES;
				CLANG_WARN_EMPTY_BODY = YES;
				CLANG_WARN_INT_CONVERSION = YES;
				CLANG_WARN__DUPLICATE_METHOD_MATCH = YES;
				COPY_PHASE_STRIP = YES;
				DEBUG_INFORMATION_FORMAT = "dwarf-with-dsym";
				GCC_C_LANGUAGE_STANDARD = gnu99;
				GCC_ENABLE_OBJC_EXCEPTIONS = YES;
				GCC_STRICT_ALIASING = YES;
				GCC_WARN_64_TO_32_BIT_CONVERSION = YES;
				GCC_WARN_ABOUT_RETURN_TYPE = YES;
				GCC_WARN_UNINITIALIZED_AUTOS = YES;
				GCC_WARN_UNUSED_VARIABLE = YES;
				MACOSX_DEPLOYMENT_TARGET = 10.8;
				SDKROOT = "";
			};
			name = Release;
		};
		A971A1F5164CEBFA00FC7A93 /* Debug */ = {
			isa = XCBuildConfiguration;
			buildSettings = {
				COMBINE_HIDPI_IMAGES = YES;
				GCC_PRECOMPILE_PREFIX_HEADER = YES;
				GCC_PREFIX_HEADER = "Scrabble/Scrabble-Prefix.pch";
				INFOPLIST_FILE = "Scrabble/Scrabble-Info.plist";
				PRODUCT_NAME = "$(TARGET_NAME)";
				WRAPPER_EXTENSION = app;
			};
			name = Debug;
		};
		A971A1F6164CEBFA00FC7A93 /* Release */ = {
			isa = XCBuildConfiguration;
			buildSettings = {
				COMBINE_HIDPI_IMAGES = YES;
				GCC_PRECOMPILE_PREFIX_HEADER = YES;
				GCC_PREFIX_HEADER = "Scrabble/Scrabble-Prefix.pch";
				INFOPLIST_FILE = "Scrabble/Scrabble-Info.plist";
				PRODUCT_NAME = "$(TARGET_NAME)";
				WRAPPER_EXTENSION = app;
			};
			name = Release;
		};
/* End XCBuildConfiguration section */

/* Begin XCConfigurationList section */
		A971A1CF164CEBF900FC7A93 /* Build configuration list for PBXProject "Scrabble" */ = {
			isa = XCConfigurationList;
			buildConfigurations = (
				A971A1F2164CEBFA00FC7A93 /* Debug */,
				A971A1F3164CEBFA00FC7A93 /* Release */,
			);
			defaultConfigurationIsVisible = 0;
			defaultConfigurationName = Release;
		};
		A971A1F4164CEBFA00FC7A93 /* Build configuration list for PBXNativeTarget "Scrabble" */ = {
			isa = XCConfigurationList;
			buildConfigurations = (
				A971A1F5164CEBFA00FC7A93 /* Debug */,
				A971A1F6164CEBFA00FC7A93 /* Release */,
			);
			defaultConfigurationIsVisible = 0;
			defaultConfigurationName = Release;
		};
/* End XCConfigurationList section */

/* Begin XCVersionGroup section */
		A971A1EF164CEBFA00FC7A93 /* Scrabble.xcdatamodeld */ = {
			isa = XCVersionGroup;
			children = (
				A971A1F0164CEBFA00FC7A93 /* Scrabble.xcdatamodel */,
			);
			currentVersion = A971A1F0164CEBFA00FC7A93 /* Scrabble.xcdatamodel */;
			path = Scrabble.xcdatamodeld;
			sourceTree = "<group>";
			versionGroupType = wrapper.xcdatamodel;
		};
/* End XCVersionGroup section */
	};
	rootObject = A971A1CC164CEBF900FC7A93 /* Project object */;
}
